<?xml version="1.0" encoding="UTF-8" standalone="yes" ?>
<CodeBlocks_project_file>
   <FileVersion major="1" minor="6" />
   <Project>
      <Option title="test-qc" />
      <Option makefile_is_custom="1" />
      <Option compiler="msvc8" />
      <Option virtualFolders="CMake Files\;" />
      <Build>
      <Target title="all">
         <Option working_dir="D:/github-develop/mc-assistant/test-qt-creator" />
         <Option type="4" />
         <MakeCommands>
            <Build command="nmake /NOLOGO /f &quot;D:\github-develop\mc-assistant\test-qt-creator\Makefile&quot;  VERBOSE=1 all" />
            <CompileFile command="nmake /NOLOGO /f &quot;D:\github-develop\mc-assistant\test-qt-creator\Makefile&quot;  VERBOSE=1 &quot;$file&quot;" />
            <Clean command="nmake /NOLOGO /f &quot;D:\github-develop\mc-assistant\test-qt-creator\Makefile&quot;  VERBOSE=1 clean" />
            <DistClean command="nmake /NOLOGO /f &quot;D:\github-develop\mc-assistant\test-qt-creator\Makefile&quot;  VERBOSE=1 clean" />
         </MakeCommands>
      </Target>
      <Target title="edit_cache">
         <Option working_dir="D:/github-develop/mc-assistant/test-qt-creator" />
         <Option type="4" />
         <MakeCommands>
            <Build command="nmake /NOLOGO /f &quot;D:\github-develop\mc-assistant\test-qt-creator\Makefile&quot;  VERBOSE=1 edit_cache" />
            <CompileFile command="nmake /NOLOGO /f &quot;D:\github-develop\mc-assistant\test-qt-creator\Makefile&quot;  VERBOSE=1 &quot;$file&quot;" />
            <Clean command="nmake /NOLOGO /f &quot;D:\github-develop\mc-assistant\test-qt-creator\Makefile&quot;  VERBOSE=1 clean" />
            <DistClean command="nmake /NOLOGO /f &quot;D:\github-develop\mc-assistant\test-qt-creator\Makefile&quot;  VERBOSE=1 clean" />
         </MakeCommands>
      </Target>
      <Target title="rebuild_cache">
         <Option working_dir="D:/github-develop/mc-assistant/test-qt-creator" />
         <Option type="4" />
         <MakeCommands>
            <Build command="nmake /NOLOGO /f &quot;D:\github-develop\mc-assistant\test-qt-creator\Makefile&quot;  VERBOSE=1 rebuild_cache" />
            <CompileFile command="nmake /NOLOGO /f &quot;D:\github-develop\mc-assistant\test-qt-creator\Makefile&quot;  VERBOSE=1 &quot;$file&quot;" />
            <Clean command="nmake /NOLOGO /f &quot;D:\github-develop\mc-assistant\test-qt-creator\Makefile&quot;  VERBOSE=1 clean" />
            <DistClean command="nmake /NOLOGO /f &quot;D:\github-develop\mc-assistant\test-qt-creator\Makefile&quot;  VERBOSE=1 clean" />
         </MakeCommands>
      </Target>
      <Target title="test-qc">
         <Option output="D:/github-develop/mc-assistant/test-qt-creator/test-qc.exe" prefix_auto="0" extension_auto="0" />
         <Option working_dir="D:/github-develop/mc-assistant/test-qt-creator" />
         <Option object_output="./" />
         <Option type="1" />
         <Option compiler="msvc8" />
         <Compiler>
         </Compiler>
         <MakeCommands>
            <Build command="nmake /NOLOGO /f &quot;D:\github-develop\mc-assistant\test-qt-creator\Makefile&quot;  VERBOSE=1 test-qc" />
            <CompileFile command="nmake /NOLOGO /f &quot;D:\github-develop\mc-assistant\test-qt-creator\Makefile&quot;  VERBOSE=1 &quot;$file&quot;" />
            <Clean command="nmake /NOLOGO /f &quot;D:\github-develop\mc-assistant\test-qt-creator\Makefile&quot;  VERBOSE=1 clean" />
            <DistClean command="nmake /NOLOGO /f &quot;D:\github-develop\mc-assistant\test-qt-creator\Makefile&quot;  VERBOSE=1 clean" />
         </MakeCommands>
      </Target>
      <Target title="test-qc/fast">
         <Option output="D:/github-develop/mc-assistant/test-qt-creator/test-qc.exe" prefix_auto="0" extension_auto="0" />
         <Option working_dir="D:/github-develop/mc-assistant/test-qt-creator" />
         <Option object_output="./" />
         <Option type="1" />
         <Option compiler="msvc8" />
         <Compiler>
         </Compiler>
         <MakeCommands>
            <Build command="nmake /NOLOGO /f &quot;D:\github-develop\mc-assistant\test-qt-creator\Makefile&quot;  VERBOSE=1 test-qc/fast" />
            <CompileFile command="nmake /NOLOGO /f &quot;D:\github-develop\mc-assistant\test-qt-creator\Makefile&quot;  VERBOSE=1 &quot;$file&quot;" />
            <Clean command="nmake /NOLOGO /f &quot;D:\github-develop\mc-assistant\test-qt-creator\Makefile&quot;  VERBOSE=1 clean" />
            <DistClean command="nmake /NOLOGO /f &quot;D:\github-develop\mc-assistant\test-qt-creator\Makefile&quot;  VERBOSE=1 clean" />
         </MakeCommands>
      </Target>
      </Build>
      <Unit filename="D:/github-develop/mc-assistant/test-qt-creator/test-qc/main.c">
      </Unit>
      <Unit filename="D:/github-develop/mc-assistant/test-qt-creator/test-qc/CMakeLists.txt">
          <Option virtualFolder="CMake Files\" />
      </Unit>
   </Project>
</CodeBlocks_project_file>
